
Microsoft Visual Studio Solution File, Format Version 12.00
# Visual Studio Version 16
VisualStudioVersion = 16.0.32929.386
MinimumVisualStudioVersion = 10.0.40219.1
Project("{FAE04EC0-301F-11D3-BF4B-00C04F79EFBC}") = "RedEx-Lab", "RedEx-Lab\RedEx-Lab.csproj", "{3ED64BC1-D8F3-4FA5-9353-426F94E36758}"
EndProject
Project("{FAE04EC0-301F-11D3-BF4B-00C04F79EFBC}") = "zad.2", "zad.2\zad.2.csproj", "{427A772B-A679-4B77-9FC7-7221518CB1EF}"
EndProject
Project("{FAE04EC0-301F-11D3-BF4B-00C04F79EFBC}") = "zad.3", "zad.3\zad.3.csproj", "{AF7730EE-F223-427A-808B-56D9FA3E47EB}"
EndProject
Global
	GlobalSection(SolutionConfigurationPlatforms) = preSolution
		Debug|Any CPU = Debug|Any CPU
		Release|Any CPU = Release|Any CPU
	EndGlobalSection
	GlobalSection(ProjectConfigurationPlatforms) = postSolution
		{3ED64BC1-D8F3-4FA5-9353-426F94E36758}.Debug|Any CPU.ActiveCfg = Debug|Any CPU
		{3ED64BC1-D8F3-4FA5-9353-426F94E36758}.Debug|Any CPU.Build.0 = Debug|Any CPU
		{3ED64BC1-D8F3-4FA5-9353-426F94E36758}.Release|Any CPU.ActiveCfg = Release|Any CPU
		{3ED64BC1-D8F3-4FA5-9353-426F94E36758}.Release|Any CPU.Build.0 = Release|Any CPU
		{427A772B-A679-4B77-9FC7-7221518CB1EF}.Debug|Any CPU.ActiveCfg = Debug|Any CPU
		{427A772B-A679-4B77-9FC7-7221518CB1EF}.Debug|Any CPU.Build.0 = Debug|Any CPU
		{427A772B-A679-4B77-9FC7-7221518CB1EF}.Release|Any CPU.ActiveCfg = Release|Any CPU
		{427A772B-A679-4B77-9FC7-7221518CB1EF}.Release|Any CPU.Build.0 = Release|Any CPU
		{AF7730EE-F223-427A-808B-56D9FA3E47EB}.Debug|Any CPU.ActiveCfg = Debug|Any CPU
		{AF7730EE-F223-427A-808B-56D9FA3E47EB}.Debug|Any CPU.Build.0 = Debug|Any CPU
		{AF7730EE-F223-427A-808B-56D9FA3E47EB}.Release|Any CPU.ActiveCfg = Release|Any CPU
		{AF7730EE-F223-427A-808B-56D9FA3E47EB}.Release|Any CPU.Build.0 = Release|Any CPU
	EndGlobalSection
	GlobalSection(SolutionProperties) = preSolution
		HideSolutionNode = FALSE
	EndGlobalSection
	GlobalSection(ExtensibilityGlobals) = postSolution
		SolutionGuid = {1FB25807-308F-48CA-AE13-44AF5532D9E1}
	EndGlobalSection
EndGlobal
