
Microsoft Visual Studio Solution File, Format Version 12.00
# Visual Studio Version 16
VisualStudioVersion = 16.0.32929.386
MinimumVisualStudioVersion = 10.0.40219.1
Project("{9A19103F-16F7-4668-BE54-9A1E7A4F7556}") = "ConsoleApp1", "ConsoleApp1\ConsoleApp1.csproj", "{EB297E3C-E8E9-468C-AD0A-84E3C76DC4DD}"
EndProject
Project("{9A19103F-16F7-4668-BE54-9A1E7A4F7556}") = "Demo-All-Methods", "..\..\..\Лаб\Lists - Lab\Lists-Lab\Demo-All-Methods\Demo-All-Methods.csproj", "{A0938F56-7B66-4EAE-A72A-B868C9E8671F}"
EndProject
Project("{FAE04EC0-301F-11D3-BF4B-00C04F79EFBC}") = "second", "second\second.csproj", "{2AEA2676-707B-430F-990E-E5A92B78AA32}"
EndProject
Global
	GlobalSection(SolutionConfigurationPlatforms) = preSolution
		Debug|Any CPU = Debug|Any CPU
		Release|Any CPU = Release|Any CPU
	EndGlobalSection
	GlobalSection(ProjectConfigurationPlatforms) = postSolution
		{EB297E3C-E8E9-468C-AD0A-84E3C76DC4DD}.Debug|Any CPU.ActiveCfg = Debug|Any CPU
		{EB297E3C-E8E9-468C-AD0A-84E3C76DC4DD}.Debug|Any CPU.Build.0 = Debug|Any CPU
		{EB297E3C-E8E9-468C-AD0A-84E3C76DC4DD}.Release|Any CPU.ActiveCfg = Release|Any CPU
		{EB297E3C-E8E9-468C-AD0A-84E3C76DC4DD}.Release|Any CPU.Build.0 = Release|Any CPU
		{A0938F56-7B66-4EAE-A72A-B868C9E8671F}.Debug|Any CPU.ActiveCfg = Debug|Any CPU
		{A0938F56-7B66-4EAE-A72A-B868C9E8671F}.Debug|Any CPU.Build.0 = Debug|Any CPU
		{A0938F56-7B66-4EAE-A72A-B868C9E8671F}.Release|Any CPU.ActiveCfg = Release|Any CPU
		{A0938F56-7B66-4EAE-A72A-B868C9E8671F}.Release|Any CPU.Build.0 = Release|Any CPU
		{2AEA2676-707B-430F-990E-E5A92B78AA32}.Debug|Any CPU.ActiveCfg = Debug|Any CPU
		{2AEA2676-707B-430F-990E-E5A92B78AA32}.Debug|Any CPU.Build.0 = Debug|Any CPU
		{2AEA2676-707B-430F-990E-E5A92B78AA32}.Release|Any CPU.ActiveCfg = Release|Any CPU
		{2AEA2676-707B-430F-990E-E5A92B78AA32}.Release|Any CPU.Build.0 = Release|Any CPU
	EndGlobalSection
	GlobalSection(SolutionProperties) = preSolution
		HideSolutionNode = FALSE
	EndGlobalSection
	GlobalSection(ExtensibilityGlobals) = postSolution
		SolutionGuid = {F0180F44-2649-4ABA-9B0A-7EA270F3D93B}
	EndGlobalSection
EndGlobal
