
Microsoft Visual Studio Solution File, Format Version 12.00
# Visual Studio Version 16
VisualStudioVersion = 16.0.32929.386
MinimumVisualStudioVersion = 10.0.40219.1
Project("{9A19103F-16F7-4668-BE54-9A1E7A4F7556}") = "Arrays-Upr", "Arrays-Upr\Arrays-Upr.csproj", "{8EC02FAF-DBF8-47CA-BC06-F6CADAB0CA4E}"
EndProject
Project("{FAE04EC0-301F-11D3-BF4B-00C04F79EFBC}") = "redoing", "redoing\redoing.csproj", "{01A043E2-A586-4D12-8B73-B70CECE77C55}"
EndProject
Global
	GlobalSection(SolutionConfigurationPlatforms) = preSolution
		Debug|Any CPU = Debug|Any CPU
		Release|Any CPU = Release|Any CPU
	EndGlobalSection
	GlobalSection(ProjectConfigurationPlatforms) = postSolution
		{8EC02FAF-DBF8-47CA-BC06-F6CADAB0CA4E}.Debug|Any CPU.ActiveCfg = Debug|Any CPU
		{8EC02FAF-DBF8-47CA-BC06-F6CADAB0CA4E}.Debug|Any CPU.Build.0 = Debug|Any CPU
		{8EC02FAF-DBF8-47CA-BC06-F6CADAB0CA4E}.Release|Any CPU.ActiveCfg = Release|Any CPU
		{8EC02FAF-DBF8-47CA-BC06-F6CADAB0CA4E}.Release|Any CPU.Build.0 = Release|Any CPU
		{01A043E2-A586-4D12-8B73-B70CECE77C55}.Debug|Any CPU.ActiveCfg = Debug|Any CPU
		{01A043E2-A586-4D12-8B73-B70CECE77C55}.Debug|Any CPU.Build.0 = Debug|Any CPU
		{01A043E2-A586-4D12-8B73-B70CECE77C55}.Release|Any CPU.ActiveCfg = Release|Any CPU
		{01A043E2-A586-4D12-8B73-B70CECE77C55}.Release|Any CPU.Build.0 = Release|Any CPU
	EndGlobalSection
	GlobalSection(SolutionProperties) = preSolution
		HideSolutionNode = FALSE
	EndGlobalSection
	GlobalSection(ExtensibilityGlobals) = postSolution
		SolutionGuid = {E7A15892-196F-4814-82AF-29E47073885D}
	EndGlobalSection
EndGlobal
