
Microsoft Visual Studio Solution File, Format Version 12.00
# Visual Studio Version 16
VisualStudioVersion = 16.0.32929.386
MinimumVisualStudioVersion = 10.0.40219.1
Project("{FAE04EC0-301F-11D3-BF4B-00C04F79EFBC}") = "Arrays-Lab", "Arrays-Lab\Arrays-Lab.csproj", "{58B7E80E-348F-4358-AA59-41FCA60E3FAB}"
EndProject
Global
	GlobalSection(SolutionConfigurationPlatforms) = preSolution
		Debug|Any CPU = Debug|Any CPU
		Release|Any CPU = Release|Any CPU
	EndGlobalSection
	GlobalSection(ProjectConfigurationPlatforms) = postSolution
		{58B7E80E-348F-4358-AA59-41FCA60E3FAB}.Debug|Any CPU.ActiveCfg = Debug|Any CPU
		{58B7E80E-348F-4358-AA59-41FCA60E3FAB}.Debug|Any CPU.Build.0 = Debug|Any CPU
		{58B7E80E-348F-4358-AA59-41FCA60E3FAB}.Release|Any CPU.ActiveCfg = Release|Any CPU
		{58B7E80E-348F-4358-AA59-41FCA60E3FAB}.Release|Any CPU.Build.0 = Release|Any CPU
	EndGlobalSection
	GlobalSection(SolutionProperties) = preSolution
		HideSolutionNode = FALSE
	EndGlobalSection
	GlobalSection(ExtensibilityGlobals) = postSolution
		SolutionGuid = {511F4615-D41B-4369-8F39-20209D2F7BB8}
	EndGlobalSection
EndGlobal
