
Microsoft Visual Studio Solution File, Format Version 12.00
# Visual Studio Version 16
VisualStudioVersion = 16.0.32929.386
MinimumVisualStudioVersion = 10.0.40219.1
Project("{9A19103F-16F7-4668-BE54-9A1E7A4F7556}") = "Methods-Exercise", "Methods-Exercise\Methods-Exercise.csproj", "{5DD3996C-E7E5-407D-A244-A6F9C77A921F}"
EndProject
Project("{9A19103F-16F7-4668-BE54-9A1E7A4F7556}") = "Zad.2", "Zad.2\Zad.2.csproj", "{E31AA4FD-9B42-474F-A186-718EBB8F8ED3}"
EndProject
Project("{9A19103F-16F7-4668-BE54-9A1E7A4F7556}") = "Zad.3", "Zad.3\Zad.3.csproj", "{E531D99A-FF15-4394-858C-B8255E48D72C}"
EndProject
Project("{9A19103F-16F7-4668-BE54-9A1E7A4F7556}") = "Zad.4", "Zad.4\Zad.4.csproj", "{DC08FF9B-0768-401A-8053-763C9DFDC05D}"
EndProject
Project("{9A19103F-16F7-4668-BE54-9A1E7A4F7556}") = "Zad.5", "Zad.5\Zad.5.csproj", "{29957FE1-1DA5-4CC9-B3CD-AD308F896C2E}"
EndProject
Project("{9A19103F-16F7-4668-BE54-9A1E7A4F7556}") = "Zad.6", "Zad.6\Zad.6.csproj", "{70BC9B14-6C23-476C-A659-D81692C97044}"
EndProject
Project("{9A19103F-16F7-4668-BE54-9A1E7A4F7556}") = "Zad.7", "Zad.7\Zad.7.csproj", "{B4CC01D5-4A2D-439D-B600-5B9520911439}"
EndProject
Project("{9A19103F-16F7-4668-BE54-9A1E7A4F7556}") = "Zad.8", "Zad.8\Zad.8.csproj", "{56A91597-B66F-4C9F-A0B5-0F40BC3CA0FE}"
EndProject
Project("{9A19103F-16F7-4668-BE54-9A1E7A4F7556}") = "Zad.9", "Zad.9\Zad.9.csproj", "{D5D5E106-E740-4E86-B351-98B9D3AFCBCA}"
EndProject
Project("{FAE04EC0-301F-11D3-BF4B-00C04F79EFBC}") = "Zad.10", "Zad.10\Zad.10.csproj", "{C779375D-1E68-4CE7-913B-F5DFE5FDCD5B}"
EndProject
Global
	GlobalSection(SolutionConfigurationPlatforms) = preSolution
		Debug|Any CPU = Debug|Any CPU
		Release|Any CPU = Release|Any CPU
	EndGlobalSection
	GlobalSection(ProjectConfigurationPlatforms) = postSolution
		{5DD3996C-E7E5-407D-A244-A6F9C77A921F}.Debug|Any CPU.ActiveCfg = Debug|Any CPU
		{5DD3996C-E7E5-407D-A244-A6F9C77A921F}.Debug|Any CPU.Build.0 = Debug|Any CPU
		{5DD3996C-E7E5-407D-A244-A6F9C77A921F}.Release|Any CPU.ActiveCfg = Release|Any CPU
		{5DD3996C-E7E5-407D-A244-A6F9C77A921F}.Release|Any CPU.Build.0 = Release|Any CPU
		{E31AA4FD-9B42-474F-A186-718EBB8F8ED3}.Debug|Any CPU.ActiveCfg = Debug|Any CPU
		{E31AA4FD-9B42-474F-A186-718EBB8F8ED3}.Debug|Any CPU.Build.0 = Debug|Any CPU
		{E31AA4FD-9B42-474F-A186-718EBB8F8ED3}.Release|Any CPU.ActiveCfg = Release|Any CPU
		{E31AA4FD-9B42-474F-A186-718EBB8F8ED3}.Release|Any CPU.Build.0 = Release|Any CPU
		{E531D99A-FF15-4394-858C-B8255E48D72C}.Debug|Any CPU.ActiveCfg = Debug|Any CPU
		{E531D99A-FF15-4394-858C-B8255E48D72C}.Debug|Any CPU.Build.0 = Debug|Any CPU
		{E531D99A-FF15-4394-858C-B8255E48D72C}.Release|Any CPU.ActiveCfg = Release|Any CPU
		{E531D99A-FF15-4394-858C-B8255E48D72C}.Release|Any CPU.Build.0 = Release|Any CPU
		{DC08FF9B-0768-401A-8053-763C9DFDC05D}.Debug|Any CPU.ActiveCfg = Debug|Any CPU
		{DC08FF9B-0768-401A-8053-763C9DFDC05D}.Debug|Any CPU.Build.0 = Debug|Any CPU
		{DC08FF9B-0768-401A-8053-763C9DFDC05D}.Release|Any CPU.ActiveCfg = Release|Any CPU
		{DC08FF9B-0768-401A-8053-763C9DFDC05D}.Release|Any CPU.Build.0 = Release|Any CPU
		{29957FE1-1DA5-4CC9-B3CD-AD308F896C2E}.Debug|Any CPU.ActiveCfg = Debug|Any CPU
		{29957FE1-1DA5-4CC9-B3CD-AD308F896C2E}.Debug|Any CPU.Build.0 = Debug|Any CPU
		{29957FE1-1DA5-4CC9-B3CD-AD308F896C2E}.Release|Any CPU.ActiveCfg = Release|Any CPU
		{29957FE1-1DA5-4CC9-B3CD-AD308F896C2E}.Release|Any CPU.Build.0 = Release|Any CPU
		{70BC9B14-6C23-476C-A659-D81692C97044}.Debug|Any CPU.ActiveCfg = Debug|Any CPU
		{70BC9B14-6C23-476C-A659-D81692C97044}.Debug|Any CPU.Build.0 = Debug|Any CPU
		{70BC9B14-6C23-476C-A659-D81692C97044}.Release|Any CPU.ActiveCfg = Release|Any CPU
		{70BC9B14-6C23-476C-A659-D81692C97044}.Release|Any CPU.Build.0 = Release|Any CPU
		{B4CC01D5-4A2D-439D-B600-5B9520911439}.Debug|Any CPU.ActiveCfg = Debug|Any CPU
		{B4CC01D5-4A2D-439D-B600-5B9520911439}.Debug|Any CPU.Build.0 = Debug|Any CPU
		{B4CC01D5-4A2D-439D-B600-5B9520911439}.Release|Any CPU.ActiveCfg = Release|Any CPU
		{B4CC01D5-4A2D-439D-B600-5B9520911439}.Release|Any CPU.Build.0 = Release|Any CPU
		{56A91597-B66F-4C9F-A0B5-0F40BC3CA0FE}.Debug|Any CPU.ActiveCfg = Debug|Any CPU
		{56A91597-B66F-4C9F-A0B5-0F40BC3CA0FE}.Debug|Any CPU.Build.0 = Debug|Any CPU
		{56A91597-B66F-4C9F-A0B5-0F40BC3CA0FE}.Release|Any CPU.ActiveCfg = Release|Any CPU
		{56A91597-B66F-4C9F-A0B5-0F40BC3CA0FE}.Release|Any CPU.Build.0 = Release|Any CPU
		{D5D5E106-E740-4E86-B351-98B9D3AFCBCA}.Debug|Any CPU.ActiveCfg = Debug|Any CPU
		{D5D5E106-E740-4E86-B351-98B9D3AFCBCA}.Debug|Any CPU.Build.0 = Debug|Any CPU
		{D5D5E106-E740-4E86-B351-98B9D3AFCBCA}.Release|Any CPU.ActiveCfg = Release|Any CPU
		{D5D5E106-E740-4E86-B351-98B9D3AFCBCA}.Release|Any CPU.Build.0 = Release|Any CPU
		{C779375D-1E68-4CE7-913B-F5DFE5FDCD5B}.Debug|Any CPU.ActiveCfg = Debug|Any CPU
		{C779375D-1E68-4CE7-913B-F5DFE5FDCD5B}.Debug|Any CPU.Build.0 = Debug|Any CPU
		{C779375D-1E68-4CE7-913B-F5DFE5FDCD5B}.Release|Any CPU.ActiveCfg = Release|Any CPU
		{C779375D-1E68-4CE7-913B-F5DFE5FDCD5B}.Release|Any CPU.Build.0 = Release|Any CPU
	EndGlobalSection
	GlobalSection(SolutionProperties) = preSolution
		HideSolutionNode = FALSE
	EndGlobalSection
	GlobalSection(ExtensibilityGlobals) = postSolution
		SolutionGuid = {A40101C7-4272-4BDA-9D42-80C5799E9D80}
	EndGlobalSection
EndGlobal
